
Microsoft Visual Studio Solution File, Format Version 12.00
# Visual Studio Version 16
VisualStudioVersion = 16.0.32901.82
MinimumVisualStudioVersion = 10.0.40219.1
Project("{9A19103F-16F7-4668-BE54-9A1E7A4F7556}") = "01", "01\01.csproj", "{70F2E0BF-D563-407D-AA16-E1754451F263}"
EndProject
Project("{9A19103F-16F7-4668-BE54-9A1E7A4F7556}") = "02", "02\02.csproj", "{FC6AF216-FB05-4E46-B2CD-08B94A009E78}"
EndProject
Project("{9A19103F-16F7-4668-BE54-9A1E7A4F7556}") = "03", "03\03.csproj", "{613B6CAE-AD34-47E1-9F3D-525ED086B50B}"
EndProject
Project("{9A19103F-16F7-4668-BE54-9A1E7A4F7556}") = "04", "04\04.csproj", "{62713F9A-0E55-463D-B026-91CB2CC6DF17}"
EndProject
Project("{9A19103F-16F7-4668-BE54-9A1E7A4F7556}") = "05", "05\05.csproj", "{13930B5A-AA51-449B-AC58-DA7A99C55EB5}"
EndProject
Project("{9A19103F-16F7-4668-BE54-9A1E7A4F7556}") = "06", "06\06.csproj", "{404F73F4-052B-4058-BF9B-C6A46EDB2E98}"
EndProject
Project("{9A19103F-16F7-4668-BE54-9A1E7A4F7556}") = "07", "07\07.csproj", "{197BEEE3-E677-4231-B4A4-ED91F2D53E9A}"
EndProject
Project("{FAE04EC0-301F-11D3-BF4B-00C04F79EFBC}") = "08", "08\08.csproj", "{375F278F-64C5-423F-A86D-13BB1D50ACE9}"
EndProject
Project("{FAE04EC0-301F-11D3-BF4B-00C04F79EFBC}") = "09", "09\09.csproj", "{7BB9811D-286F-4F55-8803-0F59A571C9A6}"
EndProject
Project("{FAE04EC0-301F-11D3-BF4B-00C04F79EFBC}") = "10", "10\10.csproj", "{D1A81DA8-D5AD-46B3-9FF1-1233B4007C38}"
EndProject
Project("{FAE04EC0-301F-11D3-BF4B-00C04F79EFBC}") = "11", "11\11.csproj", "{925419B1-0A23-41C6-A3F3-F7C6614D25FF}"
EndProject
Global
	GlobalSection(SolutionConfigurationPlatforms) = preSolution
		Debug|Any CPU = Debug|Any CPU
		Release|Any CPU = Release|Any CPU
	EndGlobalSection
	GlobalSection(ProjectConfigurationPlatforms) = postSolution
		{70F2E0BF-D563-407D-AA16-E1754451F263}.Debug|Any CPU.ActiveCfg = Debug|Any CPU
		{70F2E0BF-D563-407D-AA16-E1754451F263}.Debug|Any CPU.Build.0 = Debug|Any CPU
		{70F2E0BF-D563-407D-AA16-E1754451F263}.Release|Any CPU.ActiveCfg = Release|Any CPU
		{70F2E0BF-D563-407D-AA16-E1754451F263}.Release|Any CPU.Build.0 = Release|Any CPU
		{FC6AF216-FB05-4E46-B2CD-08B94A009E78}.Debug|Any CPU.ActiveCfg = Debug|Any CPU
		{FC6AF216-FB05-4E46-B2CD-08B94A009E78}.Debug|Any CPU.Build.0 = Debug|Any CPU
		{FC6AF216-FB05-4E46-B2CD-08B94A009E78}.Release|Any CPU.ActiveCfg = Release|Any CPU
		{FC6AF216-FB05-4E46-B2CD-08B94A009E78}.Release|Any CPU.Build.0 = Release|Any CPU
		{613B6CAE-AD34-47E1-9F3D-525ED086B50B}.Debug|Any CPU.ActiveCfg = Debug|Any CPU
		{613B6CAE-AD34-47E1-9F3D-525ED086B50B}.Debug|Any CPU.Build.0 = Debug|Any CPU
		{613B6CAE-AD34-47E1-9F3D-525ED086B50B}.Release|Any CPU.ActiveCfg = Release|Any CPU
		{613B6CAE-AD34-47E1-9F3D-525ED086B50B}.Release|Any CPU.Build.0 = Release|Any CPU
		{62713F9A-0E55-463D-B026-91CB2CC6DF17}.Debug|Any CPU.ActiveCfg = Debug|Any CPU
		{62713F9A-0E55-463D-B026-91CB2CC6DF17}.Debug|Any CPU.Build.0 = Debug|Any CPU
		{62713F9A-0E55-463D-B026-91CB2CC6DF17}.Release|Any CPU.ActiveCfg = Release|Any CPU
		{62713F9A-0E55-463D-B026-91CB2CC6DF17}.Release|Any CPU.Build.0 = Release|Any CPU
		{13930B5A-AA51-449B-AC58-DA7A99C55EB5}.Debug|Any CPU.ActiveCfg = Debug|Any CPU
		{13930B5A-AA51-449B-AC58-DA7A99C55EB5}.Debug|Any CPU.Build.0 = Debug|Any CPU
		{13930B5A-AA51-449B-AC58-DA7A99C55EB5}.Release|Any CPU.ActiveCfg = Release|Any CPU
		{13930B5A-AA51-449B-AC58-DA7A99C55EB5}.Release|Any CPU.Build.0 = Release|Any CPU
		{404F73F4-052B-4058-BF9B-C6A46EDB2E98}.Debug|Any CPU.ActiveCfg = Debug|Any CPU
		{404F73F4-052B-4058-BF9B-C6A46EDB2E98}.Debug|Any CPU.Build.0 = Debug|Any CPU
		{404F73F4-052B-4058-BF9B-C6A46EDB2E98}.Release|Any CPU.ActiveCfg = Release|Any CPU
		{404F73F4-052B-4058-BF9B-C6A46EDB2E98}.Release|Any CPU.Build.0 = Release|Any CPU
		{197BEEE3-E677-4231-B4A4-ED91F2D53E9A}.Debug|Any CPU.ActiveCfg = Debug|Any CPU
		{197BEEE3-E677-4231-B4A4-ED91F2D53E9A}.Debug|Any CPU.Build.0 = Debug|Any CPU
		{197BEEE3-E677-4231-B4A4-ED91F2D53E9A}.Release|Any CPU.ActiveCfg = Release|Any CPU
		{197BEEE3-E677-4231-B4A4-ED91F2D53E9A}.Release|Any CPU.Build.0 = Release|Any CPU
		{375F278F-64C5-423F-A86D-13BB1D50ACE9}.Debug|Any CPU.ActiveCfg = Debug|Any CPU
		{375F278F-64C5-423F-A86D-13BB1D50ACE9}.Debug|Any CPU.Build.0 = Debug|Any CPU
		{375F278F-64C5-423F-A86D-13BB1D50ACE9}.Release|Any CPU.ActiveCfg = Release|Any CPU
		{375F278F-64C5-423F-A86D-13BB1D50ACE9}.Release|Any CPU.Build.0 = Release|Any CPU
		{7BB9811D-286F-4F55-8803-0F59A571C9A6}.Debug|Any CPU.ActiveCfg = Debug|Any CPU
		{7BB9811D-286F-4F55-8803-0F59A571C9A6}.Debug|Any CPU.Build.0 = Debug|Any CPU
		{7BB9811D-286F-4F55-8803-0F59A571C9A6}.Release|Any CPU.ActiveCfg = Release|Any CPU
		{7BB9811D-286F-4F55-8803-0F59A571C9A6}.Release|Any CPU.Build.0 = Release|Any CPU
		{D1A81DA8-D5AD-46B3-9FF1-1233B4007C38}.Debug|Any CPU.ActiveCfg = Debug|Any CPU
		{D1A81DA8-D5AD-46B3-9FF1-1233B4007C38}.Debug|Any CPU.Build.0 = Debug|Any CPU
		{D1A81DA8-D5AD-46B3-9FF1-1233B4007C38}.Release|Any CPU.ActiveCfg = Release|Any CPU
		{D1A81DA8-D5AD-46B3-9FF1-1233B4007C38}.Release|Any CPU.Build.0 = Release|Any CPU
		{925419B1-0A23-41C6-A3F3-F7C6614D25FF}.Debug|Any CPU.ActiveCfg = Debug|Any CPU
		{925419B1-0A23-41C6-A3F3-F7C6614D25FF}.Debug|Any CPU.Build.0 = Debug|Any CPU
		{925419B1-0A23-41C6-A3F3-F7C6614D25FF}.Release|Any CPU.ActiveCfg = Release|Any CPU
		{925419B1-0A23-41C6-A3F3-F7C6614D25FF}.Release|Any CPU.Build.0 = Release|Any CPU
	EndGlobalSection
	GlobalSection(SolutionProperties) = preSolution
		HideSolutionNode = FALSE
	EndGlobalSection
	GlobalSection(ExtensibilityGlobals) = postSolution
		SolutionGuid = {09BD7953-568A-45D3-A65C-5E5F1705A559}
	EndGlobalSection
EndGlobal
